
Microsoft Visual Studio Solution File, Format Version 12.00
# Visual Studio Version 16
VisualStudioVersion = 16.0.29609.76
MinimumVisualStudioVersion = 10.0.40219.1
Project("{FAE04EC0-301F-11D3-BF4B-00C04F79EFBC}") = "RCMod", "RCMod.csproj", "{1A82E8C5-C56B-4BBC-996A-E40ABF0645EF}"
EndProject
Global
	GlobalSection(SolutionConfigurationPlatforms) = preSolution
		Debug|Any CPU = Debug|Any CPU
		Release|Any CPU = Release|Any CPU
	EndGlobalSection
	GlobalSection(ProjectConfigurationPlatforms) = postSolution
		{1A82E8C5-C56B-4BBC-996A-E40ABF0645EF}.Debug|Any CPU.ActiveCfg = Debug|Any CPU
		{1A82E8C5-C56B-4BBC-996A-E40ABF0645EF}.Debug|Any CPU.Build.0 = Debug|Any CPU
		{1A82E8C5-C56B-4BBC-996A-E40ABF0645EF}.Release|Any CPU.ActiveCfg = Release|Any CPU
		{1A82E8C5-C56B-4BBC-996A-E40ABF0645EF}.Release|Any CPU.Build.0 = Release|Any CPU
	EndGlobalSection
	GlobalSection(SolutionProperties) = preSolution
		HideSolutionNode = FALSE
	EndGlobalSection
	GlobalSection(ExtensibilityGlobals) = postSolution
		SolutionGuid = {1530FB8A-453D-42A3-A03A-40FB827B5924}
	EndGlobalSection
EndGlobal
